
Microsoft Visual Studio Solution File, Format Version 12.00
# Visual Studio Version 16
VisualStudioVersion = 16.0.30225.117
MinimumVisualStudioVersion = 10.0.40219.1
Project("{FAE04EC0-301F-11D3-BF4B-00C04F79EFBC}") = "LINQPriorityQueue", "LINQPriorityQueue\LINQPriorityQueue.csproj", "{B810FA41-B762-4862-8EF0-A11F523DC496}"
EndProject
Global
	GlobalSection(SolutionConfigurationPlatforms) = preSolution
		Debug|Any CPU = Debug|Any CPU
		Release|Any CPU = Release|Any CPU
	EndGlobalSection
	GlobalSection(ProjectConfigurationPlatforms) = postSolution
		{B810FA41-B762-4862-8EF0-A11F523DC496}.Debug|Any CPU.ActiveCfg = Debug|Any CPU
		{B810FA41-B762-4862-8EF0-A11F523DC496}.Debug|Any CPU.Build.0 = Debug|Any CPU
		{B810FA41-B762-4862-8EF0-A11F523DC496}.Release|Any CPU.ActiveCfg = Release|Any CPU
		{B810FA41-B762-4862-8EF0-A11F523DC496}.Release|Any CPU.Build.0 = Release|Any CPU
	EndGlobalSection
	GlobalSection(SolutionProperties) = preSolution
		HideSolutionNode = FALSE
	EndGlobalSection
	GlobalSection(ExtensibilityGlobals) = postSolution
		SolutionGuid = {B802C7F6-A96F-4923-8A15-3AB10B521FF7}
	EndGlobalSection
EndGlobal
